
Microsoft Visual Studio Solution File, Format Version 12.00
# Visual Studio Version 17
VisualStudioVersion = 17.5.002.0
MinimumVisualStudioVersion = 10.0.40219.1
Project("{9A19103F-16F7-4668-BE54-9A1E7A4F7556}") = "DesafioPOO", "DesafioPOO.csproj", "{0508C010-D1A5-4BE7-8E0F-7A6CF85EB630}"
EndProject
Global
	GlobalSection(SolutionConfigurationPlatforms) = preSolution
		Debug|Any CPU = Debug|Any CPU
		Release|Any CPU = Release|Any CPU
	EndGlobalSection
	GlobalSection(ProjectConfigurationPlatforms) = postSolution
		{0508C010-D1A5-4BE7-8E0F-7A6CF85EB630}.Debug|Any CPU.ActiveCfg = Debug|Any CPU
		{0508C010-D1A5-4BE7-8E0F-7A6CF85EB630}.Debug|Any CPU.Build.0 = Debug|Any CPU
		{0508C010-D1A5-4BE7-8E0F-7A6CF85EB630}.Release|Any CPU.ActiveCfg = Release|Any CPU
		{0508C010-D1A5-4BE7-8E0F-7A6CF85EB630}.Release|Any CPU.Build.0 = Release|Any CPU
	EndGlobalSection
	GlobalSection(SolutionProperties) = preSolution
		HideSolutionNode = FALSE
	EndGlobalSection
	GlobalSection(ExtensibilityGlobals) = postSolution
		SolutionGuid = {8CBB72C7-F6B5-4EE8-8041-0FA226900CAA}
	EndGlobalSection
EndGlobal

